
Microsoft Visual Studio Solution File, Format Version 12.00
# Visual Studio 15
VisualStudioVersion = 15.0.27703.2042
MinimumVisualStudioVersion = 10.0.40219.1
Project("{8BC9CEB8-8B4A-11D0-8D11-00A0C91BC942}") = "algorithm8", "algorithm8\algorithm8.vcxproj", "{29331EFA-01E2-4609-B3DE-1FB907C7BB3A}"
EndProject
Global
	GlobalSection(SolutionConfigurationPlatforms) = preSolution
		Debug|x64 = Debug|x64
		Debug|x86 = Debug|x86
		Release|x64 = Release|x64
		Release|x86 = Release|x86
	EndGlobalSection
	GlobalSection(ProjectConfigurationPlatforms) = postSolution
		{29331EFA-01E2-4609-B3DE-1FB907C7BB3A}.Debug|x64.ActiveCfg = Debug|x64
		{29331EFA-01E2-4609-B3DE-1FB907C7BB3A}.Debug|x64.Build.0 = Debug|x64
		{29331EFA-01E2-4609-B3DE-1FB907C7BB3A}.Debug|x86.ActiveCfg = Debug|Win32
		{29331EFA-01E2-4609-B3DE-1FB907C7BB3A}.Debug|x86.Build.0 = Debug|Win32
		{29331EFA-01E2-4609-B3DE-1FB907C7BB3A}.Release|x64.ActiveCfg = Release|x64
		{29331EFA-01E2-4609-B3DE-1FB907C7BB3A}.Release|x64.Build.0 = Release|x64
		{29331EFA-01E2-4609-B3DE-1FB907C7BB3A}.Release|x86.ActiveCfg = Release|Win32
		{29331EFA-01E2-4609-B3DE-1FB907C7BB3A}.Release|x86.Build.0 = Release|Win32
	EndGlobalSection
	GlobalSection(SolutionProperties) = preSolution
		HideSolutionNode = FALSE
	EndGlobalSection
	GlobalSection(ExtensibilityGlobals) = postSolution
		SolutionGuid = {BABF049E-A222-4B5F-AC2B-7D109CE14DB5}
	EndGlobalSection
EndGlobal
